
Microsoft Visual Studio Solution File, Format Version 12.00
# Visual Studio Version 17
VisualStudioVersion = 17.13.35825.156 d17.13
MinimumVisualStudioVersion = 10.0.40219.1
Project("{8BC9CEB8-8B4A-11D0-8D11-00A0C91BC942}") = "kudryashova5.2", "kudryashova5.2.vcxproj", "{11E1F6C5-B5C1-4925-AA6E-349F7E11F81F}"
EndProject
Global
	GlobalSection(SolutionConfigurationPlatforms) = preSolution
		Debug|x64 = Debug|x64
		Debug|x86 = Debug|x86
		Release|x64 = Release|x64
		Release|x86 = Release|x86
	EndGlobalSection
	GlobalSection(ProjectConfigurationPlatforms) = postSolution
		{11E1F6C5-B5C1-4925-AA6E-349F7E11F81F}.Debug|x64.ActiveCfg = Debug|x64
		{11E1F6C5-B5C1-4925-AA6E-349F7E11F81F}.Debug|x64.Build.0 = Debug|x64
		{11E1F6C5-B5C1-4925-AA6E-349F7E11F81F}.Debug|x86.ActiveCfg = Debug|Win32
		{11E1F6C5-B5C1-4925-AA6E-349F7E11F81F}.Debug|x86.Build.0 = Debug|Win32
		{11E1F6C5-B5C1-4925-AA6E-349F7E11F81F}.Release|x64.ActiveCfg = Release|x64
		{11E1F6C5-B5C1-4925-AA6E-349F7E11F81F}.Release|x64.Build.0 = Release|x64
		{11E1F6C5-B5C1-4925-AA6E-349F7E11F81F}.Release|x86.ActiveCfg = Release|Win32
		{11E1F6C5-B5C1-4925-AA6E-349F7E11F81F}.Release|x86.Build.0 = Release|Win32
	EndGlobalSection
	GlobalSection(SolutionProperties) = preSolution
		HideSolutionNode = FALSE
	EndGlobalSection
	GlobalSection(ExtensibilityGlobals) = postSolution
		SolutionGuid = {6920F482-2A8A-4A26-B2FB-69205642539E}
	EndGlobalSection
EndGlobal
